// !$*UTF8*$!
{
	archiveVersion = 1;
	classes = {
	};
	objectVersion = 46;
	objects = {

/* Begin PBXBuildFile section */
		FD374A031C516D4100CF8796 /* HomeViewController.swift in Sources */ = {isa = PBXBuildFile; fileRef = FD374A021C516D4100CF8796 /* HomeViewController.swift */; };
		FD374A051C517F1100CF8796 /* StrokeInfoViewController.swift in Sources */ = {isa = PBXBuildFile; fileRef = FD374A041C517F1100CF8796 /* StrokeInfoViewController.swift */; };
		FD83FF9E1C5260EE007C217A /* ShareViewController.swift in Sources */ = {isa = PBXBuildFile; fileRef = FD83FF9D1C5260EE007C217A /* ShareViewController.swift */; };
		FD94CB701C52837E00144453 /* UITableTableViewController.swift in Sources */ = {isa = PBXBuildFile; fileRef = FD94CB6F1C52837E00144453 /* UITableTableViewController.swift */; };
		FDA29A251C515D4F005FD6A1 /* AppDelegate.swift in Sources */ = {isa = PBXBuildFile; fileRef = FDA29A241C515D4F005FD6A1 /* AppDelegate.swift */; };
		FDA29A271C515D4F005FD6A1 /* ViewController.swift in Sources */ = {isa = PBXBuildFile; fileRef = FDA29A261C515D4F005FD6A1 /* ViewController.swift */; };
		FDA29A2A1C515D4F005FD6A1 /* Main.storyboard in Resources */ = {isa = PBXBuildFile; fileRef = FDA29A281C515D4F005FD6A1 /* Main.storyboard */; };
		FDA29A2D1C515D4F005FD6A1 /* StrokeApp.xcdatamodeld in Sources */ = {isa = PBXBuildFile; fileRef = FDA29A2B1C515D4F005FD6A1 /* StrokeApp.xcdatamodeld */; };
		FDA29A2F1C515D4F005FD6A1 /* Assets.xcassets in Resources */ = {isa = PBXBuildFile; fileRef = FDA29A2E1C515D4F005FD6A1 /* Assets.xcassets */; };
		FDA29A321C515D4F005FD6A1 /* LaunchScreen.storyboard in Resources */ = {isa = PBXBuildFile; fileRef = FDA29A301C515D4F005FD6A1 /* LaunchScreen.storyboard */; };
		FDA29A3A1C515FE7005FD6A1 /* HealthKit.framework in Frameworks */ = {isa = PBXBuildFile; fileRef = FDA29A391C515FE7005FD6A1 /* HealthKit.framework */; };
		FDAF409E1C5202110052B6C6 /* UserDataManager.swift in Sources */ = {isa = PBXBuildFile; fileRef = FDAF409D1C5202110052B6C6 /* UserDataManager.swift */; };
		FDAF40A01C52029A0052B6C6 /* HealthManager.swift in Sources */ = {isa = PBXBuildFile; fileRef = FDAF409F1C52029A0052B6C6 /* HealthManager.swift */; };
		FDAF40A21C5203380052B6C6 /* OnboardOneViewController.swift in Sources */ = {isa = PBXBuildFile; fileRef = FDAF40A11C5203380052B6C6 /* OnboardOneViewController.swift */; };
		FDAF40A41C52035C0052B6C6 /* OnboardTwoViewController.swift in Sources */ = {isa = PBXBuildFile; fileRef = FDAF40A31C52035C0052B6C6 /* OnboardTwoViewController.swift */; };
		FDAF40A61C5206FE0052B6C6 /* OnboardThreeViewController.swift in Sources */ = {isa = PBXBuildFile; fileRef = FDAF40A51C5206FE0052B6C6 /* OnboardThreeViewController.swift */; };
/* End PBXBuildFile section */

/* Begin PBXFileReference section */
		FD374A021C516D4100CF8796 /* HomeViewController.swift */ = {isa = PBXFileReference; fileEncoding = 4; lastKnownFileType = sourcecode.swift; path = HomeViewController.swift; sourceTree = "<group>"; };
		FD374A041C517F1100CF8796 /* StrokeInfoViewController.swift */ = {isa = PBXFileReference; fileEncoding = 4; lastKnownFileType = sourcecode.swift; path = StrokeInfoViewController.swift; sourceTree = "<group>"; };
		FD83FF9D1C5260EE007C217A /* ShareViewController.swift */ = {isa = PBXFileReference; fileEncoding = 4; lastKnownFileType = sourcecode.swift; path = ShareViewController.swift; sourceTree = "<group>"; };
		FD94CB6F1C52837E00144453 /* UITableTableViewController.swift */ = {isa = PBXFileReference; fileEncoding = 4; lastKnownFileType = sourcecode.swift; path = UITableTableViewController.swift; sourceTree = "<group>"; };
		FDA29A211C515D4F005FD6A1 /* Smart Beat.app */ = {isa = PBXFileReference; explicitFileType = wrapper.application; includeInIndex = 0; path = "Smart Beat.app"; sourceTree = BUILT_PRODUCTS_DIR; };
		FDA29A241C515D4F005FD6A1 /* AppDelegate.swift */ = {isa = PBXFileReference; lastKnownFileType = sourcecode.swift; path = AppDelegate.swift; sourceTree = "<group>"; };
		FDA29A261C515D4F005FD6A1 /* ViewController.swift */ = {isa = PBXFileReference; lastKnownFileType = sourcecode.swift; path = ViewController.swift; sourceTree = "<group>"; };
		FDA29A291C515D4F005FD6A1 /* Base */ = {isa = PBXFileReference; lastKnownFileType = file.storyboard; name = Base; path = Base.lproj/Main.storyboard; sourceTree = "<group>"; };
		FDA29A2C1C515D4F005FD6A1 /* StrokeApp.xcdatamodel */ = {isa = PBXFileReference; lastKnownFileType = wrapper.xcdatamodel; path = StrokeApp.xcdatamodel; sourceTree = "<group>"; };
		FDA29A2E1C515D4F005FD6A1 /* Assets.xcassets */ = {isa = PBXFileReference; lastKnownFileType = folder.assetcatalog; path = Assets.xcassets; sourceTree = "<group>"; };
		FDA29A311C515D4F005FD6A1 /* Base */ = {isa = PBXFileReference; lastKnownFileType = file.storyboard; name = Base; path = Base.lproj/LaunchScreen.storyboard; sourceTree = "<group>"; };
		FDA29A331C515D4F005FD6A1 /* Info.plist */ = {isa = PBXFileReference; lastKnownFileType = text.plist.xml; path = Info.plist; sourceTree = "<group>"; };
		FDA29A391C515FE7005FD6A1 /* HealthKit.framework */ = {isa = PBXFileReference; lastKnownFileType = wrapper.framework; name = HealthKit.framework; path = System/Library/Frameworks/HealthKit.framework; sourceTree = SDKROOT; };
		FDA29A3B1C515FE7005FD6A1 /* StrokeApp.entitlements */ = {isa = PBXFileReference; lastKnownFileType = text.xml; path = StrokeApp.entitlements; sourceTree = "<group>"; };
		FDAF409D1C5202110052B6C6 /* UserDataManager.swift */ = {isa = PBXFileReference; fileEncoding = 4; lastKnownFileType = sourcecode.swift; name = UserDataManager.swift; path = ../UserDataManager.swift; sourceTree = "<group>"; };
		FDAF409F1C52029A0052B6C6 /* HealthManager.swift */ = {isa = PBXFileReference; fileEncoding = 4; lastKnownFileType = sourcecode.swift; path = HealthManager.swift; sourceTree = "<group>"; };
		FDAF40A11C5203380052B6C6 /* OnboardOneViewController.swift */ = {isa = PBXFileReference; fileEncoding = 4; lastKnownFileType = sourcecode.swift; path = OnboardOneViewController.swift; sourceTree = "<group>"; };
		FDAF40A31C52035C0052B6C6 /* OnboardTwoViewController.swift */ = {isa = PBXFileReference; fileEncoding = 4; lastKnownFileType = sourcecode.swift; path = OnboardTwoViewController.swift; sourceTree = "<group>"; };
		FDAF40A51C5206FE0052B6C6 /* OnboardThreeViewController.swift */ = {isa = PBXFileReference; fileEncoding = 4; lastKnownFileType = sourcecode.swift; path = OnboardThreeViewController.swift; sourceTree = "<group>"; };
/* End PBXFileReference section */

/* Begin PBXFrameworksBuildPhase section */
		FDA29A1E1C515D4E005FD6A1 /* Frameworks */ = {
			isa = PBXFrameworksBuildPhase;
			buildActionMask = 2147483647;
			files = (
				FDA29A3A1C515FE7005FD6A1 /* HealthKit.framework in Frameworks */,
			);
			runOnlyForDeploymentPostprocessing = 0;
		};
/* End PBXFrameworksBuildPhase section */

/* Begin PBXGroup section */
		FDA29A181C515D4E005FD6A1 = {
			isa = PBXGroup;
			children = (
				FDA29A391C515FE7005FD6A1 /* HealthKit.framework */,
				FDA29A231C515D4F005FD6A1 /* StrokeApp */,
				FDA29A221C515D4F005FD6A1 /* Products */,
			);
			sourceTree = "<group>";
		};
		FDA29A221C515D4F005FD6A1 /* Products */ = {
			isa = PBXGroup;
			children = (
				FDA29A211C515D4F005FD6A1 /* Smart Beat.app */,
			);
			name = Products;
			sourceTree = "<group>";
		};
		FDA29A231C515D4F005FD6A1 /* StrokeApp */ = {
			isa = PBXGroup;
			children = (
				FDAF409D1C5202110052B6C6 /* UserDataManager.swift */,
				FDA29A3B1C515FE7005FD6A1 /* StrokeApp.entitlements */,
				FDA29A241C515D4F005FD6A1 /* AppDelegate.swift */,
				FDAF40A11C5203380052B6C6 /* OnboardOneViewController.swift */,
				FDAF409F1C52029A0052B6C6 /* HealthManager.swift */,
				FDA29A261C515D4F005FD6A1 /* ViewController.swift */,
				FDA29A281C515D4F005FD6A1 /* Main.storyboard */,
				FDA29A2E1C515D4F005FD6A1 /* Assets.xcassets */,
				FDA29A301C515D4F005FD6A1 /* LaunchScreen.storyboard */,
				FDA29A331C515D4F005FD6A1 /* Info.plist */,
				FDA29A2B1C515D4F005FD6A1 /* StrokeApp.xcdatamodeld */,
				FD374A021C516D4100CF8796 /* HomeViewController.swift */,
				FD374A041C517F1100CF8796 /* StrokeInfoViewController.swift */,
				FDAF40A31C52035C0052B6C6 /* OnboardTwoViewController.swift */,
				FDAF40A51C5206FE0052B6C6 /* OnboardThreeViewController.swift */,
				FD83FF9D1C5260EE007C217A /* ShareViewController.swift */,
				FD94CB6F1C52837E00144453 /* UITableTableViewController.swift */,
			);
			path = StrokeApp;
			sourceTree = "<group>";
		};
/* End PBXGroup section */

/* Begin PBXNativeTarget section */
		FDA29A201C515D4E005FD6A1 /* StrokeApp */ = {
			isa = PBXNativeTarget;
			buildConfigurationList = FDA29A361C515D4F005FD6A1 /* Build configuration list for PBXNativeTarget "StrokeApp" */;
			buildPhases = (
				FDA29A1D1C515D4E005FD6A1 /* Sources */,
				FDA29A1E1C515D4E005FD6A1 /* Frameworks */,
				FDA29A1F1C515D4E005FD6A1 /* Resources */,
			);
			buildRules = (
			);
			dependencies = (
			);
			name = StrokeApp;
			productName = StrokeApp;
			productReference = FDA29A211C515D4F005FD6A1 /* Smart Beat.app */;
			productType = "com.apple.product-type.application";
		};
/* End PBXNativeTarget section */

/* Begin PBXProject section */
		FDA29A191C515D4E005FD6A1 /* Project object */ = {
			isa = PBXProject;
			attributes = {
				LastSwiftUpdateCheck = 0710;
				LastUpgradeCheck = 0710;
				ORGANIZATIONNAME = "Chase Woodford";
				TargetAttributes = {
					FDA29A201C515D4E005FD6A1 = {
						CreatedOnToolsVersion = 7.1.1;
						DevelopmentTeam = M5E28UUP4C;
						SystemCapabilities = {
							com.apple.HealthKit = {
								enabled = 1;
							};
						};
					};
				};
			};
			buildConfigurationList = FDA29A1C1C515D4E005FD6A1 /* Build configuration list for PBXProject "StrokeApp" */;
			compatibilityVersion = "Xcode 3.2";
			developmentRegion = English;
			hasScannedForEncodings = 0;
			knownRegions = (
				en,
				Base,
			);
			mainGroup = FDA29A181C515D4E005FD6A1;
			productRefGroup = FDA29A221C515D4F005FD6A1 /* Products */;
			projectDirPath = "";
			projectRoot = "";
			targets = (
				FDA29A201C515D4E005FD6A1 /* StrokeApp */,
			);
		};
/* End PBXProject section */

/* Begin PBXResourcesBuildPhase section */
		FDA29A1F1C515D4E005FD6A1 /* Resources */ = {
			isa = PBXResourcesBuildPhase;
			buildActionMask = 2147483647;
			files = (
				FDA29A321C515D4F005FD6A1 /* LaunchScreen.storyboard in Resources */,
				FDA29A2F1C515D4F005FD6A1 /* Assets.xcassets in Resources */,
				FDA29A2A1C515D4F005FD6A1 /* Main.storyboard in Resources */,
			);
			runOnlyForDeploymentPostprocessing = 0;
		};
/* End PBXResourcesBuildPhase section */

/* Begin PBXSourcesBuildPhase section */
		FDA29A1D1C515D4E005FD6A1 /* Sources */ = {
			isa = PBXSourcesBuildPhase;
			buildActionMask = 2147483647;
			files = (
				FDA29A2D1C515D4F005FD6A1 /* StrokeApp.xcdatamodeld in Sources */,
				FD83FF9E1C5260EE007C217A /* ShareViewController.swift in Sources */,
				FDA29A271C515D4F005FD6A1 /* ViewController.swift in Sources */,
				FDAF409E1C5202110052B6C6 /* UserDataManager.swift in Sources */,
				FD94CB701C52837E00144453 /* UITableTableViewController.swift in Sources */,
				FD374A051C517F1100CF8796 /* StrokeInfoViewController.swift in Sources */,
				FDAF40A41C52035C0052B6C6 /* OnboardTwoViewController.swift in Sources */,
				FDA29A251C515D4F005FD6A1 /* AppDelegate.swift in Sources */,
				FDAF40A61C5206FE0052B6C6 /* OnboardThreeViewController.swift in Sources */,
				FD374A031C516D4100CF8796 /* HomeViewController.swift in Sources */,
				FDAF40A01C52029A0052B6C6 /* HealthManager.swift in Sources */,
				FDAF40A21C5203380052B6C6 /* OnboardOneViewController.swift in Sources */,
			);
			runOnlyForDeploymentPostprocessing = 0;
		};
/* End PBXSourcesBuildPhase section */

/* Begin PBXVariantGroup section */
		FDA29A281C515D4F005FD6A1 /* Main.storyboard */ = {
			isa = PBXVariantGroup;
			children = (
				FDA29A291C515D4F005FD6A1 /* Base */,
			);
			name = Main.storyboard;
			sourceTree = "<group>";
		};
		FDA29A301C515D4F005FD6A1 /* LaunchScreen.storyboard */ = {
			isa = PBXVariantGroup;
			children = (
				FDA29A311C515D4F005FD6A1 /* Base */,
			);
			name = LaunchScreen.storyboard;
			sourceTree = "<group>";
		};
/* End PBXVariantGroup section */

/* Begin XCBuildConfiguration section */
		FDA29A341C515D4F005FD6A1 /* Debug */ = {
			isa = XCBuildConfiguration;
			buildSettings = {
				ALWAYS_SEARCH_USER_PATHS = NO;
				CLANG_CXX_LANGUAGE_STANDARD = "gnu++0x";
				CLANG_CXX_LIBRARY = "libc++";
				CLANG_ENABLE_MODULES = YES;
				CLANG_ENABLE_OBJC_ARC = YES;
				CLANG_WARN_BOOL_CONVERSION = YES;
				CLANG_WARN_CONSTANT_CONVERSION = YES;
				CLANG_WARN_DIRECT_OBJC_ISA_USAGE = YES_ERROR;
				CLANG_WARN_EMPTY_BODY = YES;
				CLANG_WARN_ENUM_CONVERSION = YES;
				CLANG_WARN_INT_CONVERSION = YES;
				CLANG_WARN_OBJC_ROOT_CLASS = YES_ERROR;
				CLANG_WARN_UNREACHABLE_CODE = YES;
				CLANG_WARN__DUPLICATE_METHOD_MATCH = YES;
				"CODE_SIGN_IDENTITY[sdk=iphoneos*]" = "iPhone Developer";
				COPY_PHASE_STRIP = NO;
				DEBUG_INFORMATION_FORMAT = dwarf;
				ENABLE_STRICT_OBJC_MSGSEND = YES;
				ENABLE_TESTABILITY = YES;
				GCC_C_LANGUAGE_STANDARD = gnu99;
				GCC_DYNAMIC_NO_PIC = NO;
				GCC_NO_COMMON_BLOCKS = YES;
				GCC_OPTIMIZATION_LEVEL = 0;
				GCC_PREPROCESSOR_DEFINITIONS = (
					"DEBUG=1",
					"$(inherited)",
				);
				GCC_WARN_64_TO_32_BIT_CONVERSION = YES;
				GCC_WARN_ABOUT_RETURN_TYPE = YES_ERROR;
				GCC_WARN_UNDECLARED_SELECTOR = YES;
				GCC_WARN_UNINITIALIZED_AUTOS = YES_AGGRESSIVE;
				GCC_WARN_UNUSED_FUNCTION = YES;
				GCC_WARN_UNUSED_VARIABLE = YES;
				IPHONEOS_DEPLOYMENT_TARGET = 9.1;
				MTL_ENABLE_DEBUG_INFO = YES;
				ONLY_ACTIVE_ARCH = YES;
				SDKROOT = iphoneos;
				SWIFT_OPTIMIZATION_LEVEL = "-Onone";
				TARGETED_DEVICE_FAMILY = "1,2";
			};
			name = Debug;
		};
		FDA29A351C515D4F005FD6A1 /* Release */ = {
			isa = XCBuildConfiguration;
			buildSettings = {
				ALWAYS_SEARCH_USER_PATHS = NO;
				CLANG_CXX_LANGUAGE_STANDARD = "gnu++0x";
				CLANG_CXX_LIBRARY = "libc++";
				CLANG_ENABLE_MODULES = YES;
				CLANG_ENABLE_OBJC_ARC = YES;
				CLANG_WARN_BOOL_CONVERSION = YES;
				CLANG_WARN_CONSTANT_CONVERSION = YES;
				CLANG_WARN_DIRECT_OBJC_ISA_USAGE = YES_ERROR;
				CLANG_WARN_EMPTY_BODY = YES;
				CLANG_WARN_ENUM_CONVERSION = YES;
				CLANG_WARN_INT_CONVERSION = YES;
				CLANG_WARN_OBJC_ROOT_CLASS = YES_ERROR;
				CLANG_WARN_UNREACHABLE_CODE = YES;
				CLANG_WARN__DUPLICATE_METHOD_MATCH = YES;
				"CODE_SIGN_IDENTITY[sdk=iphoneos*]" = "iPhone Developer";
				COPY_PHASE_STRIP = NO;
				DEBUG_INFORMATION_FORMAT = "dwarf-with-dsym";
				ENABLE_NS_ASSERTIONS = NO;
				ENABLE_STRICT_OBJC_MSGSEND = YES;
				GCC_C_LANGUAGE_STANDARD = gnu99;
				GCC_NO_COMMON_BLOCKS = YES;
				GCC_WARN_64_TO_32_BIT_CONVERSION = YES;
				GCC_WARN_ABOUT_RETURN_TYPE = YES_ERROR;
				GCC_WARN_UNDECLARED_SELECTOR = YES;
				GCC_WARN_UNINITIALIZED_AUTOS = YES_AGGRESSIVE;
				GCC_WARN_UNUSED_FUNCTION = YES;
				GCC_WARN_UNUSED_VARIABLE = YES;
				IPHONEOS_DEPLOYMENT_TARGET = 9.1;
				MTL_ENABLE_DEBUG_INFO = NO;
				SDKROOT = iphoneos;
				TARGETED_DEVICE_FAMILY = "1,2";
				VALIDATE_PRODUCT = YES;
			};
			name = Release;
		};
		FDA29A371C515D4F005FD6A1 /* Debug */ = {
			isa = XCBuildConfiguration;
			buildSettings = {
				ASSETCATALOG_COMPILER_APPICON_NAME = AppIcon;
				CODE_SIGN_ENTITLEMENTS = StrokeApp/StrokeApp.entitlements;
				CODE_SIGN_IDENTITY = "iPhone Developer";
				"CODE_SIGN_IDENTITY[sdk=iphoneos*]" = "iPhone Developer";
				INFOPLIST_FILE = StrokeApp/Info.plist;
				IPHONEOS_DEPLOYMENT_TARGET = 8.3;
				LD_RUNPATH_SEARCH_PATHS = "$(inherited) @executable_path/Frameworks";
				PRODUCT_BUNDLE_IDENTIFIER = com.chasewoodford.StrokeApp;
				PRODUCT_NAME = "Smart Beat";
				PROVISIONING_PROFILE = "";
			};
			name = Debug;
		};
		FDA29A381C515D4F005FD6A1 /* Release */ = {
			isa = XCBuildConfiguration;
			buildSettings = {
				ASSETCATALOG_COMPILER_APPICON_NAME = AppIcon;
				CODE_SIGN_ENTITLEMENTS = StrokeApp/StrokeApp.entitlements;
				CODE_SIGN_IDENTITY = "iPhone Developer";
				"CODE_SIGN_IDENTITY[sdk=iphoneos*]" = "iPhone Developer";
				INFOPLIST_FILE = StrokeApp/Info.plist;
				IPHONEOS_DEPLOYMENT_TARGET = 8.3;
				LD_RUNPATH_SEARCH_PATHS = "$(inherited) @executable_path/Frameworks";
				PRODUCT_BUNDLE_IDENTIFIER = com.chasewoodford.StrokeApp;
				PRODUCT_NAME = "Smart Beat";
				PROVISIONING_PROFILE = "";
			};
			name = Release;
		};
/* End XCBuildConfiguration section */

/* Begin XCConfigurationList section */
		FDA29A1C1C515D4E005FD6A1 /* Build configuration list for PBXProject "StrokeApp" */ = {
			isa = XCConfigurationList;
			buildConfigurations = (
				FDA29A341C515D4F005FD6A1 /* Debug */,
				FDA29A351C515D4F005FD6A1 /* Release */,
			);
			defaultConfigurationIsVisible = 0;
			defaultConfigurationName = Release;
		};
		FDA29A361C515D4F005FD6A1 /* Build configuration list for PBXNativeTarget "StrokeApp" */ = {
			isa = XCConfigurationList;
			buildConfigurations = (
				FDA29A371C515D4F005FD6A1 /* Debug */,
				FDA29A381C515D4F005FD6A1 /* Release */,
			);
			defaultConfigurationIsVisible = 0;
			defaultConfigurationName = Release;
		};
/* End XCConfigurationList section */

/* Begin XCVersionGroup section */
		FDA29A2B1C515D4F005FD6A1 /* StrokeApp.xcdatamodeld */ = {
			isa = XCVersionGroup;
			children = (
				FDA29A2C1C515D4F005FD6A1 /* StrokeApp.xcdatamodel */,
			);
			currentVersion = FDA29A2C1C515D4F005FD6A1 /* StrokeApp.xcdatamodel */;
			path = StrokeApp.xcdatamodeld;
			sourceTree = "<group>";
			versionGroupType = wrapper.xcdatamodel;
		};
/* End XCVersionGroup section */
	};
	rootObject = FDA29A191C515D4E005FD6A1 /* Project object */;
}
